{
  "name": "BMS",
  "lockfileVersion": 2,
  "requires": true,
  "packages": {
    "": {
      "dependencies": {
        "bootstrap-drawer": "^1.0.6"
      }
    },
    "node_modules/bootstrap": {
      "version": "3.4.1",
      "resolved": "https://registry.npmjs.org/bootstrap/-/bootstrap-3.4.1.tgz",
      "integrity": "sha512-yN5oZVmRCwe5aKwzRj6736nSmKDX7pLYwsXiCj/EYmo16hODaBiT4En5btW/jhBF/seV+XMx3aYwukYC3A49DA==",
      "engines": {
        "node": ">=6"
      }
    },
    "node_modules/bootstrap-drawer": {
      "version": "1.0.6",
      "resolved": "https://registry.npmjs.org/bootstrap-drawer/-/bootstrap-drawer-1.0.6.tgz",
      "integrity": "sha1-mFl71Q9em83ToLNPEKsWavyidUM=",
      "dependencies": {
        "bootstrap": "3.x",
        "jquery": "2.x"
      }
    },
    "node_modules/jquery": {
      "version": "2.2.4",
      "resolved": "https://registry.npmjs.org/jquery/-/jquery-2.2.4.tgz",
      "integrity": "sha1-LInWiJterFIqfuoywUUhVZxsvwI="
    }
  },
  "dependencies": {
    "bootstrap": {
      "version": "3.4.1",
      "resolved": "https://registry.npmjs.org/bootstrap/-/bootstrap-3.4.1.tgz",
      "integrity": "sha512-yN5oZVmRCwe5aKwzRj6736nSmKDX7pLYwsXiCj/EYmo16hODaBiT4En5btW/jhBF/seV+XMx3aYwukYC3A49DA=="
    },
    "bootstrap-drawer": {
      "version": "1.0.6",
      "resolved": "https://registry.npmjs.org/bootstrap-drawer/-/bootstrap-drawer-1.0.6.tgz",
      "integrity": "sha1-mFl71Q9em83ToLNPEKsWavyidUM=",
      "requires": {
        "bootstrap": "3.x",
        "jquery": "2.x"
      }
    },
    "jquery": {
      "version": "2.2.4",
      "resolved": "https://registry.npmjs.org/jquery/-/jquery-2.2.4.tgz",
      "integrity": "sha1-LInWiJterFIqfuoywUUhVZxsvwI="
    }
  }
}
